
Microsoft Visual Studio Solution File, Format Version 12.00
# Visual Studio Version 17
VisualStudioVersion = 17.4.33205.214
MinimumVisualStudioVersion = 10.0.40219.1
Project("{00D1A9C2-B5F0-4AF3-8072-F6C62B433612}") = "SFA.DAS.EmployerFinance.Database", "SFA.DAS.EmployerFinance.Database\SFA.DAS.EmployerFinance.Database.sqlproj", "{6C145D4A-CBA9-439C-984E-0A5953CBE04D}"
EndProject
Project("{2150E333-8FDC-42A3-9474-1A3956D46DE8}") = "AzureConfiguration", "AzureConfiguration", "{68328FF1-53F2-4737-A983-7E2B67179E17}"
	ProjectSection(SolutionItems) = preProject
		AzureTopicConfigurationStrucuture.json = AzureTopicConfigurationStrucuture.json
	EndProjectSection
EndProject
Project("{9A19103F-16F7-4668-BE54-9A1E7A4F7556}") = "SFA.DAS.EmployerFinance.Host", "SFA.DAS.EmployerFinance.Host\SFA.DAS.EmployerFinance.Host.csproj", "{D494902B-C081-47DD-9CD4-6EF4D9CD6FF1}"
EndProject
Project("{9A19103F-16F7-4668-BE54-9A1E7A4F7556}") = "SFA.DAS.EmployerFinance.Jobs", "SFA.DAS.EmployerFinance.Jobs\SFA.DAS.EmployerFinance.Jobs.csproj", "{079F027D-0794-463F-9D03-92858538CD31}"
EndProject
Project("{9A19103F-16F7-4668-BE54-9A1E7A4F7556}") = "SFA.DAS.EmployerFinance.MessageHandlers", "SFA.DAS.EmployerFinance.MessageHandlers\SFA.DAS.EmployerFinance.MessageHandlers.csproj", "{3B9A7EBE-D126-4082-A395-444E7DB2008B}"
EndProject
Project("{9A19103F-16F7-4668-BE54-9A1E7A4F7556}") = "SFA.DAS.EmployerFinance.Messages", "SFA.DAS.EmployerFinance.Messages\SFA.DAS.EmployerFinance.Messages.csproj", "{C15DEC5C-666D-4CB2-968E-A273EB60D15E}"
EndProject
Project("{2150E333-8FDC-42A3-9474-1A3956D46DE8}") = "tests", "tests", "{56860F8C-F41E-4B99-8B5A-4C160904DBD9}"
EndProject
Project("{9A19103F-16F7-4668-BE54-9A1E7A4F7556}") = "SFA.DAS.EmployerFinance.MessageHandlers.UnitTests", "SFA.DAS.EmployerFinance.MessageHandlers.UnitTests\SFA.DAS.EmployerFinance.MessageHandlers.UnitTests.csproj", "{349D11C1-B5E1-49D3-B1E6-EA6DA3510863}"
EndProject
Project("{9A19103F-16F7-4668-BE54-9A1E7A4F7556}") = "SFA.DAS.EmployerFinance", "SFA.DAS.EmployerFinance\SFA.DAS.EmployerFinance.csproj", "{C5880F73-59D6-4C59-A1A2-DBA38D13E8DC}"
EndProject
Project("{9A19103F-16F7-4668-BE54-9A1E7A4F7556}") = "SFA.DAS.EmployerFinance.UnitTests", "SFA.DAS.EmployerFinance.UnitTests\SFA.DAS.EmployerFinance.UnitTests.csproj", "{F4F0B32F-B777-43B8-8B8B-7765A3F50EF8}"
EndProject
Project("{9A19103F-16F7-4668-BE54-9A1E7A4F7556}") = "SFA.DAS.EmployerFinance.Web", "SFA.DAS.EmployerFinance.Web\SFA.DAS.EmployerFinance.Web.csproj", "{53BF9CE7-8355-4734-AC0F-D8659960BB51}"
EndProject
Project("{9A19103F-16F7-4668-BE54-9A1E7A4F7556}") = "SFA.DAS.EmployerFinance.Web.UnitTests", "SFA.DAS.EmployerFinance.Web.UnitTests\SFA.DAS.EmployerFinance.Web.UnitTests.csproj", "{13D318F4-1848-4236-85D2-CF8965C7D4F0}"
EndProject
Project("{9A19103F-16F7-4668-BE54-9A1E7A4F7556}") = "SFA.DAS.EmployerFinance.Api", "SFA.DAS.EmployerFinance.Api\SFA.DAS.EmployerFinance.Api.csproj", "{EC96E8DB-6882-4B4B-86F5-A6977D690ECF}"
EndProject
Project("{9A19103F-16F7-4668-BE54-9A1E7A4F7556}") = "SFA.DAS.EmployerFinance.Api.UnitTests", "SFA.DAS.EmployerFinance.Api.UnitTests\SFA.DAS.EmployerFinance.Api.UnitTests.csproj", "{0D888B78-B896-4A84-BDF0-71AB13D603A4}"
EndProject
Project("{9A19103F-16F7-4668-BE54-9A1E7A4F7556}") = "SFA.DAS.EmployerFinance.Api.Client", "SFA.DAS.EmployerFinance.Api.Client\SFA.DAS.EmployerFinance.Api.Client.csproj", "{AA299F18-D0CA-43A2-AE4D-54CB6C48EA70}"
EndProject
Project("{9A19103F-16F7-4668-BE54-9A1E7A4F7556}") = "SFA.DAS.EmployerFinance.Api.Client.UnitTests", "SFA.DAS.EmployerFinance.Api.Client.UnitTests\SFA.DAS.EmployerFinance.Api.Client.UnitTests.csproj", "{3BE38DFF-DCCF-45AC-93EA-AB6E30DBB90D}"
EndProject
Project("{9A19103F-16F7-4668-BE54-9A1E7A4F7556}") = "SFA.DAS.EmployerFinance.Jobs.UnitTests", "SFA.DAS.EmployerFinance.Jobs.UnitTests\SFA.DAS.EmployerFinance.Jobs.UnitTests.csproj", "{4341EE0B-9ECE-424C-B7C2-E5715A5247C0}"
EndProject
Project("{9A19103F-16F7-4668-BE54-9A1E7A4F7556}") = "SFA.DAS.EmployerFinance.MessageHandlers.TestHarness", "SFA.DAS.EmployerFinance.MessageHandlers.TestHarness\SFA.DAS.EmployerFinance.MessageHandlers.TestHarness.csproj", "{73080F2E-1875-4DBC-BE84-381E2FD603D2}"
EndProject
Project("{9A19103F-16F7-4668-BE54-9A1E7A4F7556}") = "SFA.DAS.EmployerFinance.Api.Types", "SFA.DAS.EmployerFinance.Api.Types\SFA.DAS.EmployerFinance.Api.Types.csproj", "{7C0B08BB-8C28-45F5-B547-25F006615B84}"
EndProject
Project("{9A19103F-16F7-4668-BE54-9A1E7A4F7556}") = "SFA.DAS.EmployerFinance.Events", "SFA.DAS.EmployerFinance.Events\SFA.DAS.EmployerFinance.Events.csproj", "{2245A806-DAF7-42A9-898C-2C3D6C65E87C}"
EndProject
Project("{9A19103F-16F7-4668-BE54-9A1E7A4F7556}") = "SFA.DAS.EmployerFinance.TestCommon", "SFA.DAS.EmployerFinance.TestCommon\SFA.DAS.EmployerFinance.TestCommon.csproj", "{4B7CD9CC-7338-4DC7-80E7-2DDF4FC095B6}"
EndProject
Project("{9A19103F-16F7-4668-BE54-9A1E7A4F7556}") = "SFA.DAS.EmployerFinance.Types", "SFA.DAS.EmployerFinance.Types\SFA.DAS.EmployerFinance.Types.csproj", "{77E5F79D-6045-49F0-BF5D-E0A83688C220}"
EndProject
Project("{FAE04EC0-301F-11D3-BF4B-00C04F79EFBC}") = "SFA.DAS.EmployerFinance.AcceptanceTests", "SFA.DAS.EmployerFinance.AcceptanceTests\SFA.DAS.EmployerFinance.AcceptanceTests.csproj", "{2045971D-A067-454C-92BE-28EFFFD12B00}"
EndProject
Global
	GlobalSection(SolutionConfigurationPlatforms) = preSolution
		Debug|Any CPU = Debug|Any CPU
		Release|Any CPU = Release|Any CPU
	EndGlobalSection
	GlobalSection(ProjectConfigurationPlatforms) = postSolution
		{6C145D4A-CBA9-439C-984E-0A5953CBE04D}.Debug|Any CPU.ActiveCfg = Debug|Any CPU
		{6C145D4A-CBA9-439C-984E-0A5953CBE04D}.Debug|Any CPU.Build.0 = Debug|Any CPU
		{6C145D4A-CBA9-439C-984E-0A5953CBE04D}.Debug|Any CPU.Deploy.0 = Debug|Any CPU
		{6C145D4A-CBA9-439C-984E-0A5953CBE04D}.Release|Any CPU.ActiveCfg = Release|Any CPU
		{6C145D4A-CBA9-439C-984E-0A5953CBE04D}.Release|Any CPU.Build.0 = Release|Any CPU
		{6C145D4A-CBA9-439C-984E-0A5953CBE04D}.Release|Any CPU.Deploy.0 = Release|Any CPU
		{D494902B-C081-47DD-9CD4-6EF4D9CD6FF1}.Debug|Any CPU.ActiveCfg = Debug|Any CPU
		{D494902B-C081-47DD-9CD4-6EF4D9CD6FF1}.Debug|Any CPU.Build.0 = Debug|Any CPU
		{D494902B-C081-47DD-9CD4-6EF4D9CD6FF1}.Release|Any CPU.ActiveCfg = Release|Any CPU
		{D494902B-C081-47DD-9CD4-6EF4D9CD6FF1}.Release|Any CPU.Build.0 = Release|Any CPU
		{079F027D-0794-463F-9D03-92858538CD31}.Debug|Any CPU.ActiveCfg = Debug|Any CPU
		{079F027D-0794-463F-9D03-92858538CD31}.Debug|Any CPU.Build.0 = Debug|Any CPU
		{079F027D-0794-463F-9D03-92858538CD31}.Release|Any CPU.ActiveCfg = Release|Any CPU
		{079F027D-0794-463F-9D03-92858538CD31}.Release|Any CPU.Build.0 = Release|Any CPU
		{3B9A7EBE-D126-4082-A395-444E7DB2008B}.Debug|Any CPU.ActiveCfg = Debug|Any CPU
		{3B9A7EBE-D126-4082-A395-444E7DB2008B}.Debug|Any CPU.Build.0 = Debug|Any CPU
		{3B9A7EBE-D126-4082-A395-444E7DB2008B}.Release|Any CPU.ActiveCfg = Release|Any CPU
		{3B9A7EBE-D126-4082-A395-444E7DB2008B}.Release|Any CPU.Build.0 = Release|Any CPU
		{C15DEC5C-666D-4CB2-968E-A273EB60D15E}.Debug|Any CPU.ActiveCfg = Debug|Any CPU
		{C15DEC5C-666D-4CB2-968E-A273EB60D15E}.Debug|Any CPU.Build.0 = Debug|Any CPU
		{C15DEC5C-666D-4CB2-968E-A273EB60D15E}.Release|Any CPU.ActiveCfg = Release|Any CPU
		{C15DEC5C-666D-4CB2-968E-A273EB60D15E}.Release|Any CPU.Build.0 = Release|Any CPU
		{349D11C1-B5E1-49D3-B1E6-EA6DA3510863}.Debug|Any CPU.ActiveCfg = Debug|Any CPU
		{349D11C1-B5E1-49D3-B1E6-EA6DA3510863}.Debug|Any CPU.Build.0 = Debug|Any CPU
		{349D11C1-B5E1-49D3-B1E6-EA6DA3510863}.Release|Any CPU.ActiveCfg = Release|Any CPU
		{349D11C1-B5E1-49D3-B1E6-EA6DA3510863}.Release|Any CPU.Build.0 = Release|Any CPU
		{C5880F73-59D6-4C59-A1A2-DBA38D13E8DC}.Debug|Any CPU.ActiveCfg = Debug|Any CPU
		{C5880F73-59D6-4C59-A1A2-DBA38D13E8DC}.Debug|Any CPU.Build.0 = Debug|Any CPU
		{C5880F73-59D6-4C59-A1A2-DBA38D13E8DC}.Release|Any CPU.ActiveCfg = Release|Any CPU
		{C5880F73-59D6-4C59-A1A2-DBA38D13E8DC}.Release|Any CPU.Build.0 = Release|Any CPU
		{F4F0B32F-B777-43B8-8B8B-7765A3F50EF8}.Debug|Any CPU.ActiveCfg = Debug|Any CPU
		{F4F0B32F-B777-43B8-8B8B-7765A3F50EF8}.Debug|Any CPU.Build.0 = Debug|Any CPU
		{F4F0B32F-B777-43B8-8B8B-7765A3F50EF8}.Release|Any CPU.ActiveCfg = Release|Any CPU
		{F4F0B32F-B777-43B8-8B8B-7765A3F50EF8}.Release|Any CPU.Build.0 = Release|Any CPU
		{53BF9CE7-8355-4734-AC0F-D8659960BB51}.Debug|Any CPU.ActiveCfg = Debug|Any CPU
		{53BF9CE7-8355-4734-AC0F-D8659960BB51}.Debug|Any CPU.Build.0 = Debug|Any CPU
		{53BF9CE7-8355-4734-AC0F-D8659960BB51}.Release|Any CPU.ActiveCfg = Release|Any CPU
		{53BF9CE7-8355-4734-AC0F-D8659960BB51}.Release|Any CPU.Build.0 = Release|Any CPU
		{13D318F4-1848-4236-85D2-CF8965C7D4F0}.Debug|Any CPU.ActiveCfg = Debug|Any CPU
		{13D318F4-1848-4236-85D2-CF8965C7D4F0}.Debug|Any CPU.Build.0 = Debug|Any CPU
		{13D318F4-1848-4236-85D2-CF8965C7D4F0}.Release|Any CPU.ActiveCfg = Release|Any CPU
		{13D318F4-1848-4236-85D2-CF8965C7D4F0}.Release|Any CPU.Build.0 = Release|Any CPU
		{EC96E8DB-6882-4B4B-86F5-A6977D690ECF}.Debug|Any CPU.ActiveCfg = Debug|Any CPU
		{EC96E8DB-6882-4B4B-86F5-A6977D690ECF}.Debug|Any CPU.Build.0 = Debug|Any CPU
		{EC96E8DB-6882-4B4B-86F5-A6977D690ECF}.Release|Any CPU.ActiveCfg = Release|Any CPU
		{EC96E8DB-6882-4B4B-86F5-A6977D690ECF}.Release|Any CPU.Build.0 = Release|Any CPU
		{0D888B78-B896-4A84-BDF0-71AB13D603A4}.Debug|Any CPU.ActiveCfg = Debug|Any CPU
		{0D888B78-B896-4A84-BDF0-71AB13D603A4}.Debug|Any CPU.Build.0 = Debug|Any CPU
		{0D888B78-B896-4A84-BDF0-71AB13D603A4}.Release|Any CPU.ActiveCfg = Release|Any CPU
		{0D888B78-B896-4A84-BDF0-71AB13D603A4}.Release|Any CPU.Build.0 = Release|Any CPU
		{AA299F18-D0CA-43A2-AE4D-54CB6C48EA70}.Debug|Any CPU.ActiveCfg = Debug|Any CPU
		{AA299F18-D0CA-43A2-AE4D-54CB6C48EA70}.Debug|Any CPU.Build.0 = Debug|Any CPU
		{AA299F18-D0CA-43A2-AE4D-54CB6C48EA70}.Release|Any CPU.ActiveCfg = Release|Any CPU
		{AA299F18-D0CA-43A2-AE4D-54CB6C48EA70}.Release|Any CPU.Build.0 = Release|Any CPU
		{3BE38DFF-DCCF-45AC-93EA-AB6E30DBB90D}.Debug|Any CPU.ActiveCfg = Debug|Any CPU
		{3BE38DFF-DCCF-45AC-93EA-AB6E30DBB90D}.Debug|Any CPU.Build.0 = Debug|Any CPU
		{3BE38DFF-DCCF-45AC-93EA-AB6E30DBB90D}.Release|Any CPU.ActiveCfg = Release|Any CPU
		{3BE38DFF-DCCF-45AC-93EA-AB6E30DBB90D}.Release|Any CPU.Build.0 = Release|Any CPU
		{4341EE0B-9ECE-424C-B7C2-E5715A5247C0}.Debug|Any CPU.ActiveCfg = Debug|Any CPU
		{4341EE0B-9ECE-424C-B7C2-E5715A5247C0}.Debug|Any CPU.Build.0 = Debug|Any CPU
		{4341EE0B-9ECE-424C-B7C2-E5715A5247C0}.Release|Any CPU.ActiveCfg = Release|Any CPU
		{4341EE0B-9ECE-424C-B7C2-E5715A5247C0}.Release|Any CPU.Build.0 = Release|Any CPU
		{73080F2E-1875-4DBC-BE84-381E2FD603D2}.Debug|Any CPU.ActiveCfg = Debug|Any CPU
		{73080F2E-1875-4DBC-BE84-381E2FD603D2}.Debug|Any CPU.Build.0 = Debug|Any CPU
		{73080F2E-1875-4DBC-BE84-381E2FD603D2}.Release|Any CPU.ActiveCfg = Release|Any CPU
		{73080F2E-1875-4DBC-BE84-381E2FD603D2}.Release|Any CPU.Build.0 = Release|Any CPU
		{7C0B08BB-8C28-45F5-B547-25F006615B84}.Debug|Any CPU.ActiveCfg = Debug|Any CPU
		{7C0B08BB-8C28-45F5-B547-25F006615B84}.Debug|Any CPU.Build.0 = Debug|Any CPU
		{7C0B08BB-8C28-45F5-B547-25F006615B84}.Release|Any CPU.ActiveCfg = Release|Any CPU
		{7C0B08BB-8C28-45F5-B547-25F006615B84}.Release|Any CPU.Build.0 = Release|Any CPU
		{2245A806-DAF7-42A9-898C-2C3D6C65E87C}.Debug|Any CPU.ActiveCfg = Debug|Any CPU
		{2245A806-DAF7-42A9-898C-2C3D6C65E87C}.Debug|Any CPU.Build.0 = Debug|Any CPU
		{2245A806-DAF7-42A9-898C-2C3D6C65E87C}.Release|Any CPU.ActiveCfg = Release|Any CPU
		{2245A806-DAF7-42A9-898C-2C3D6C65E87C}.Release|Any CPU.Build.0 = Release|Any CPU
		{4B7CD9CC-7338-4DC7-80E7-2DDF4FC095B6}.Debug|Any CPU.ActiveCfg = Debug|Any CPU
		{4B7CD9CC-7338-4DC7-80E7-2DDF4FC095B6}.Debug|Any CPU.Build.0 = Debug|Any CPU
		{4B7CD9CC-7338-4DC7-80E7-2DDF4FC095B6}.Release|Any CPU.ActiveCfg = Release|Any CPU
		{4B7CD9CC-7338-4DC7-80E7-2DDF4FC095B6}.Release|Any CPU.Build.0 = Release|Any CPU
		{77E5F79D-6045-49F0-BF5D-E0A83688C220}.Debug|Any CPU.ActiveCfg = Debug|Any CPU
		{77E5F79D-6045-49F0-BF5D-E0A83688C220}.Debug|Any CPU.Build.0 = Debug|Any CPU
		{77E5F79D-6045-49F0-BF5D-E0A83688C220}.Release|Any CPU.ActiveCfg = Release|Any CPU
		{77E5F79D-6045-49F0-BF5D-E0A83688C220}.Release|Any CPU.Build.0 = Release|Any CPU
		{2045971D-A067-454C-92BE-28EFFFD12B00}.Debug|Any CPU.ActiveCfg = Debug|Any CPU
		{2045971D-A067-454C-92BE-28EFFFD12B00}.Debug|Any CPU.Build.0 = Debug|Any CPU
		{2045971D-A067-454C-92BE-28EFFFD12B00}.Release|Any CPU.ActiveCfg = Release|Any CPU
		{2045971D-A067-454C-92BE-28EFFFD12B00}.Release|Any CPU.Build.0 = Release|Any CPU
	EndGlobalSection
	GlobalSection(SolutionProperties) = preSolution
		HideSolutionNode = FALSE
	EndGlobalSection
	GlobalSection(NestedProjects) = preSolution
		{349D11C1-B5E1-49D3-B1E6-EA6DA3510863} = {56860F8C-F41E-4B99-8B5A-4C160904DBD9}
		{F4F0B32F-B777-43B8-8B8B-7765A3F50EF8} = {56860F8C-F41E-4B99-8B5A-4C160904DBD9}
		{13D318F4-1848-4236-85D2-CF8965C7D4F0} = {56860F8C-F41E-4B99-8B5A-4C160904DBD9}
		{0D888B78-B896-4A84-BDF0-71AB13D603A4} = {56860F8C-F41E-4B99-8B5A-4C160904DBD9}
		{3BE38DFF-DCCF-45AC-93EA-AB6E30DBB90D} = {56860F8C-F41E-4B99-8B5A-4C160904DBD9}
		{4341EE0B-9ECE-424C-B7C2-E5715A5247C0} = {56860F8C-F41E-4B99-8B5A-4C160904DBD9}
		{73080F2E-1875-4DBC-BE84-381E2FD603D2} = {56860F8C-F41E-4B99-8B5A-4C160904DBD9}
		{4B7CD9CC-7338-4DC7-80E7-2DDF4FC095B6} = {56860F8C-F41E-4B99-8B5A-4C160904DBD9}
		{2045971D-A067-454C-92BE-28EFFFD12B00} = {56860F8C-F41E-4B99-8B5A-4C160904DBD9}
	EndGlobalSection
	GlobalSection(ExtensibilityGlobals) = postSolution
		SolutionGuid = {7BB69664-F8C0-4231-9940-51CE90904197}
	EndGlobalSection
EndGlobal
